
Microsoft Visual Studio Solution File, Format Version 12.00
# Visual Studio Version 17
VisualStudioVersion = 17.10.34928.147
MinimumVisualStudioVersion = 10.0.40219.1
Project("{FAE04EC0-301F-11D3-BF4B-00C04F79EFBC}") = "ClientSideApplication", "ClientSideApplication\ClientSideApplication.csproj", "{B55FC532-F852-4E4A-ABD2-3D5E383A718C}"
EndProject
Global
	GlobalSection(SolutionConfigurationPlatforms) = preSolution
		Debug|Any CPU = Debug|Any CPU
		Release|Any CPU = Release|Any CPU
	EndGlobalSection
	GlobalSection(ProjectConfigurationPlatforms) = postSolution
		{B55FC532-F852-4E4A-ABD2-3D5E383A718C}.Debug|Any CPU.ActiveCfg = Debug|Any CPU
		{B55FC532-F852-4E4A-ABD2-3D5E383A718C}.Debug|Any CPU.Build.0 = Debug|Any CPU
		{B55FC532-F852-4E4A-ABD2-3D5E383A718C}.Release|Any CPU.ActiveCfg = Release|Any CPU
		{B55FC532-F852-4E4A-ABD2-3D5E383A718C}.Release|Any CPU.Build.0 = Release|Any CPU
	EndGlobalSection
	GlobalSection(SolutionProperties) = preSolution
		HideSolutionNode = FALSE
	EndGlobalSection
	GlobalSection(ExtensibilityGlobals) = postSolution
		SolutionGuid = {FF84E89A-616D-481D-9674-64A6A704510D}
	EndGlobalSection
EndGlobal
